
Microsoft Visual Studio Solution File, Format Version 11.00
# Visual Web Developer Express 2010
Project("{FAE04EC0-301F-11D3-BF4B-00C04F79EFBC}") = "VaccineWeb.Preview", "VaccineWeb.Preview\VaccineWeb.Preview.csproj", "{2EAA9651-327C-4430-94CC-642FC5662DCC}"
EndProject
Global
	GlobalSection(SolutionConfigurationPlatforms) = preSolution
		Debug|Any CPU = Debug|Any CPU
		Release|Any CPU = Release|Any CPU
	EndGlobalSection
	GlobalSection(ProjectConfigurationPlatforms) = postSolution
		{2EAA9651-327C-4430-94CC-642FC5662DCC}.Debug|Any CPU.ActiveCfg = Debug|Any CPU
		{2EAA9651-327C-4430-94CC-642FC5662DCC}.Debug|Any CPU.Build.0 = Debug|Any CPU
		{2EAA9651-327C-4430-94CC-642FC5662DCC}.Release|Any CPU.ActiveCfg = Release|Any CPU
		{2EAA9651-327C-4430-94CC-642FC5662DCC}.Release|Any CPU.Build.0 = Release|Any CPU
	EndGlobalSection
	GlobalSection(SolutionProperties) = preSolution
		HideSolutionNode = FALSE
	EndGlobalSection
EndGlobal
